
Microsoft Visual Studio Solution File, Format Version 12.00
# Visual Studio Version 16
VisualStudioVersion = 16.0.30225.117
MinimumVisualStudioVersion = 10.0.40219.1
Project("{9A19103F-16F7-4668-BE54-9A1E7A4F7556}") = "Retro Gamer", "Retro Gamer\Retro Gamer.csproj", "{1A59C9F2-7333-4C47-84B6-0F1B626B7444}"
EndProject
Global
	GlobalSection(SolutionConfigurationPlatforms) = preSolution
		Debug|Any CPU = Debug|Any CPU
		Release|Any CPU = Release|Any CPU
	EndGlobalSection
	GlobalSection(ProjectConfigurationPlatforms) = postSolution
		{1A59C9F2-7333-4C47-84B6-0F1B626B7444}.Debug|Any CPU.ActiveCfg = Debug|Any CPU
		{1A59C9F2-7333-4C47-84B6-0F1B626B7444}.Debug|Any CPU.Build.0 = Debug|Any CPU
		{1A59C9F2-7333-4C47-84B6-0F1B626B7444}.Release|Any CPU.ActiveCfg = Release|Any CPU
		{1A59C9F2-7333-4C47-84B6-0F1B626B7444}.Release|Any CPU.Build.0 = Release|Any CPU
	EndGlobalSection
	GlobalSection(SolutionProperties) = preSolution
		HideSolutionNode = FALSE
	EndGlobalSection
	GlobalSection(ExtensibilityGlobals) = postSolution
		SolutionGuid = {A18A7C57-7D79-4DD4-BC58-8F1F578620E9}
	EndGlobalSection
EndGlobal
